<?xml version="1.0" encoding="utf-8"?>
<Project ToolsVersion="4.0" xmlns="http://schemas.microsoft.com/developer/msbuild/2003">
  <ItemGroup>
    <Filter Include="소스 파일">
      <UniqueIdentifier>{4FC737F1-C7A5-4376-A066-2A32D752A2FF}</UniqueIdentifier>
      <Extensions>cpp;c;cc;cxx;c++;cppm;ixx;def;odl;idl;hpj;bat;asm;asmx</Extensions>
    </Filter>
    <Filter Include="헤더 파일">
      <UniqueIdentifier>{93995380-89BD-4b04-88EB-625FBE52EBFB}</UniqueIdentifier>
      <Extensions>h;hh;hpp;hxx;h++;hm;inl;inc;ipp;xsd</Extensions>
    </Filter>
    <Filter Include="리소스 파일">
      <UniqueIdentifier>{67DA6AB6-F800-4c08-8B7A-83BB121AAD01}</UniqueIdentifier>
      <Extensions>rc;ico;cur;bmp;dlg;rc2;rct;bin;rgs;gif;jpg;jpeg;jpe;resx;tiff;tif;png;wav;mfcribbon-ms</Extensions>
    </Filter>
    <Filter Include="헤더 파일\Proj">
      <UniqueIdentifier>{2fafde08-4c37-40c1-b7c2-1ed8dbe60aec}</UniqueIdentifier>
    </Filter>
    <Filter Include="헤더 파일\Objclass">
      <UniqueIdentifier>{63b5becc-c8f1-416a-ae84-f5f75eb0a8f0}</UniqueIdentifier>
    </Filter>
    <Filter Include="헤더 파일\No19">
      <UniqueIdentifier>{8de62437-f5de-4abc-8836-0fbf876e558a}</UniqueIdentifier>
    </Filter>
    <Filter Include="헤더 파일\prevheader">
      <UniqueIdentifier>{7da41b28-3e65-4881-8a0d-6c95910642ec}</UniqueIdentifier>
    </Filter>
    <Filter Include="헤더 파일\sensitiveheader">
      <UniqueIdentifier>{61e79051-84a9-4a7d-82df-6bfa5762c406}</UniqueIdentifier>
    </Filter>
    <Filter Include="헤더 파일\BaseHeader">
      <UniqueIdentifier>{dd236d9f-f17d-4b8e-a3a5-93a82aa897f2}</UniqueIdentifier>
    </Filter>
    <Filter Include="소스 파일\19~20">
      <UniqueIdentifier>{3656f510-f4f2-43a4-a3e7-bde386dfbbe6}</UniqueIdentifier>
    </Filter>
  </ItemGroup>
  <ItemGroup>
    <ClInclude Include="Head\ProjMethod.h">
      <Filter>헤더 파일\Proj</Filter>
    </ClInclude>
    <ClInclude Include="Head\ColorStructs.h">
      <Filter>헤더 파일\BaseHeader</Filter>
    </ClInclude>
    <ClInclude Include="Head\BaseHeader.h">
      <Filter>헤더 파일\BaseHeader</Filter>
    </ClInclude>
    <ClInclude Include="Head\ObjStruct.h">
      <Filter>헤더 파일\BaseHeader</Filter>
    </ClInclude>
    <ClInclude Include="Head\DiagramBase.cpp">
      <Filter>소스 파일</Filter>
    </ClInclude>
    <ClInclude Include="Head\3DDiagram.cpp">
      <Filter>소스 파일</Filter>
    </ClInclude>
    <ClInclude Include="Head\GetShader.cpp">
      <Filter>소스 파일</Filter>
    </ClInclude>
    <ClInclude Include="Head\Proj\OPM.h">
      <Filter>헤더 파일</Filter>
    </ClInclude>
    <ClInclude Include="Head\Proj\VPM.h">
      <Filter>헤더 파일</Filter>
    </ClInclude>
    <ClInclude Include="Head\VertexMethod.cpp">
      <Filter>소스 파일</Filter>
    </ClInclude>
    <ClInclude Include="Head\LoadDiagramCrain.cpp">
      <Filter>소스 파일\19~20</Filter>
    </ClInclude>
    <ClInclude Include="Head\LoadDiagramRobot.h">
      <Filter>헤더 파일</Filter>
    </ClInclude>
    <ClInclude Include="LoadDiagramRobot.cpp">
      <Filter>소스 파일</Filter>
    </ClInclude>
  </ItemGroup>
  <ItemGroup>
    <Text Include="Shader\vertex.glsl">
      <Filter>리소스 파일</Filter>
    </Text>
    <Text Include="Shader\fragment.glsl">
      <Filter>리소스 파일</Filter>
    </Text>
  </ItemGroup>
  <ItemGroup>
    <ClCompile Include="GLM3D_NO20.cpp">
      <Filter>소스 파일\19~20</Filter>
    </ClCompile>
    <ClCompile Include="GLM3D_NO24.cpp">
      <Filter>소스 파일</Filter>
    </ClCompile>
    <ClCompile Include="GLM3D_NO21.cpp">
      <Filter>소스 파일\19~20</Filter>
    </ClCompile>
  </ItemGroup>
</Project>